
Microsoft Visual Studio Solution File, Format Version 12.00
Project("{FAE04EC0-301F-11D3-BF4B-00C04F79EFBC}") = "AzureBlob", "AzureBlob.csproj", "{BC9AEDAD-2371-4152-8E9B-5A1FCB26A52C}"
EndProject
Global
	GlobalSection(SolutionConfigurationPlatforms) = preSolution
		Debug|Any CPU = Debug|Any CPU
		Release|Any CPU = Release|Any CPU
	EndGlobalSection
	GlobalSection(ProjectConfigurationPlatforms) = postSolution
		{BC9AEDAD-2371-4152-8E9B-5A1FCB26A52C}.Debug|Any CPU.ActiveCfg = Debug|Any CPU
		{BC9AEDAD-2371-4152-8E9B-5A1FCB26A52C}.Debug|Any CPU.Build.0 = Debug|Any CPU
		{BC9AEDAD-2371-4152-8E9B-5A1FCB26A52C}.Release|Any CPU.ActiveCfg = Release|Any CPU
		{BC9AEDAD-2371-4152-8E9B-5A1FCB26A52C}.Release|Any CPU.Build.0 = Release|Any CPU
	EndGlobalSection
EndGlobal
